
Microsoft Visual Studio Solution File, Format Version 12.00
# Visual Studio Version 17
VisualStudioVersion = 17.9.34728.123
MinimumVisualStudioVersion = 10.0.40219.1
Project("{FAE04EC0-301F-11D3-BF4B-00C04F79EFBC}") = "ConsoleApp-2024C2-12C-LinQ", "ConsoleApp-2024C2-12C-LinQ\ConsoleApp-2024C2-12C-LinQ.csproj", "{F91DAB24-000D-488C-9DAD-F8E684C3516A}"
EndProject
Global
	GlobalSection(SolutionConfigurationPlatforms) = preSolution
		Debug|Any CPU = Debug|Any CPU
		Release|Any CPU = Release|Any CPU
	EndGlobalSection
	GlobalSection(ProjectConfigurationPlatforms) = postSolution
		{F91DAB24-000D-488C-9DAD-F8E684C3516A}.Debug|Any CPU.ActiveCfg = Debug|Any CPU
		{F91DAB24-000D-488C-9DAD-F8E684C3516A}.Debug|Any CPU.Build.0 = Debug|Any CPU
		{F91DAB24-000D-488C-9DAD-F8E684C3516A}.Release|Any CPU.ActiveCfg = Release|Any CPU
		{F91DAB24-000D-488C-9DAD-F8E684C3516A}.Release|Any CPU.Build.0 = Release|Any CPU
	EndGlobalSection
	GlobalSection(SolutionProperties) = preSolution
		HideSolutionNode = FALSE
	EndGlobalSection
	GlobalSection(ExtensibilityGlobals) = postSolution
		SolutionGuid = {C4EE9C84-D8F0-4A13-855C-74A1A6AB5B20}
	EndGlobalSection
EndGlobal
